
Microsoft Visual Studio Solution File, Format Version 12.00
# Visual Studio Version 17
VisualStudioVersion = 17.7.34003.232
MinimumVisualStudioVersion = 10.0.40219.1
Project("{FAE04EC0-301F-11D3-BF4B-00C04F79EFBC}") = "Los Santos - Autos usados", "Los Santos - Autos usados\Los Santos - Autos usados.csproj", "{1F5286E4-5279-4D90-AD62-7BE49E956D09}"
EndProject
Global
	GlobalSection(SolutionConfigurationPlatforms) = preSolution
		Debug|Any CPU = Debug|Any CPU
		Release|Any CPU = Release|Any CPU
	EndGlobalSection
	GlobalSection(ProjectConfigurationPlatforms) = postSolution
		{1F5286E4-5279-4D90-AD62-7BE49E956D09}.Debug|Any CPU.ActiveCfg = Debug|Any CPU
		{1F5286E4-5279-4D90-AD62-7BE49E956D09}.Debug|Any CPU.Build.0 = Debug|Any CPU
		{1F5286E4-5279-4D90-AD62-7BE49E956D09}.Release|Any CPU.ActiveCfg = Release|Any CPU
		{1F5286E4-5279-4D90-AD62-7BE49E956D09}.Release|Any CPU.Build.0 = Release|Any CPU
	EndGlobalSection
	GlobalSection(SolutionProperties) = preSolution
		HideSolutionNode = FALSE
	EndGlobalSection
	GlobalSection(ExtensibilityGlobals) = postSolution
		SolutionGuid = {A8A38AA6-E43F-47A7-B5F1-3DB74BF2324A}
	EndGlobalSection
EndGlobal
